// !$*UTF8*$!
{
	archiveVersion = 1;
	classes = {
	};
	objectVersion = 46;
	objects = {

/* Begin PBXBuildFile section */
		7E0561551E633118002C4096 /* AddCircuitVC.swift in Sources */ = {isa = PBXBuildFile; fileRef = 7E0561541E633118002C4096 /* AddCircuitVC.swift */; };
		7E2FEF591E5ECFAA00EED5D0 /* MainVC.swift in Sources */ = {isa = PBXBuildFile; fileRef = 7E2FEF581E5ECFA900EED5D0 /* MainVC.swift */; };
		7E2FEF5B1E5ED1E900EED5D0 /* CircuitCell.swift in Sources */ = {isa = PBXBuildFile; fileRef = 7E2FEF5A1E5ED1E900EED5D0 /* CircuitCell.swift */; };
		7E5AF3601E5DA51400999E1D /* ProgressBar.swift in Sources */ = {isa = PBXBuildFile; fileRef = 7E5AF35F1E5DA51400999E1D /* ProgressBar.swift */; };
		7E5AF3641E5DB63700999E1D /* CircuitBtn.swift in Sources */ = {isa = PBXBuildFile; fileRef = 7E5AF3631E5DB63700999E1D /* CircuitBtn.swift */; };
		7E5AF3681E5DC95300999E1D /* CircuitProgress.swift in Sources */ = {isa = PBXBuildFile; fileRef = 7E5AF3671E5DC95300999E1D /* CircuitProgress.swift */; };
		7E5AF36A1E5DC9C300999E1D /* TimeCell.swift in Sources */ = {isa = PBXBuildFile; fileRef = 7E5AF3691E5DC9C300999E1D /* TimeCell.swift */; };
		7EAD9B2B1E5D7356005B48A3 /* AppDelegate.swift in Sources */ = {isa = PBXBuildFile; fileRef = 7EAD9B2A1E5D7356005B48A3 /* AppDelegate.swift */; };
		7EAD9B2D1E5D7356005B48A3 /* CircuitVC.swift in Sources */ = {isa = PBXBuildFile; fileRef = 7EAD9B2C1E5D7356005B48A3 /* CircuitVC.swift */; };
		7EAD9B301E5D7356005B48A3 /* Main.storyboard in Resources */ = {isa = PBXBuildFile; fileRef = 7EAD9B2E1E5D7356005B48A3 /* Main.storyboard */; };
		7EAD9B321E5D7356005B48A3 /* Assets.xcassets in Resources */ = {isa = PBXBuildFile; fileRef = 7EAD9B311E5D7356005B48A3 /* Assets.xcassets */; };
		7EAD9B351E5D7356005B48A3 /* LaunchScreen.storyboard in Resources */ = {isa = PBXBuildFile; fileRef = 7EAD9B331E5D7356005B48A3 /* LaunchScreen.storyboard */; };
		7EAD9B401E5D7356005B48A3 /* CircuitWatchTests.swift in Sources */ = {isa = PBXBuildFile; fileRef = 7EAD9B3F1E5D7356005B48A3 /* CircuitWatchTests.swift */; };
		7EB4CAE61E6022A200B7A78A /* FormCell.swift in Sources */ = {isa = PBXBuildFile; fileRef = 7EB4CAE51E6022A200B7A78A /* FormCell.swift */; };
/* End PBXBuildFile section */

/* Begin PBXContainerItemProxy section */
		7EAD9B3C1E5D7356005B48A3 /* PBXContainerItemProxy */ = {
			isa = PBXContainerItemProxy;
			containerPortal = 7EAD9B1F1E5D7356005B48A3 /* Project object */;
			proxyType = 1;
			remoteGlobalIDString = 7EAD9B261E5D7356005B48A3;
			remoteInfo = CircuitWatch;
		};
/* End PBXContainerItemProxy section */

/* Begin PBXFileReference section */
		7E0561541E633118002C4096 /* AddCircuitVC.swift */ = {isa = PBXFileReference; fileEncoding = 4; lastKnownFileType = sourcecode.swift; path = AddCircuitVC.swift; sourceTree = "<group>"; };
		7E2FEF581E5ECFA900EED5D0 /* MainVC.swift */ = {isa = PBXFileReference; fileEncoding = 4; lastKnownFileType = sourcecode.swift; path = MainVC.swift; sourceTree = "<group>"; };
		7E2FEF5A1E5ED1E900EED5D0 /* CircuitCell.swift */ = {isa = PBXFileReference; fileEncoding = 4; lastKnownFileType = sourcecode.swift; path = CircuitCell.swift; sourceTree = "<group>"; };
		7E5AF35F1E5DA51400999E1D /* ProgressBar.swift */ = {isa = PBXFileReference; fileEncoding = 4; lastKnownFileType = sourcecode.swift; path = ProgressBar.swift; sourceTree = "<group>"; };
		7E5AF3631E5DB63700999E1D /* CircuitBtn.swift */ = {isa = PBXFileReference; fileEncoding = 4; lastKnownFileType = sourcecode.swift; path = CircuitBtn.swift; sourceTree = "<group>"; };
		7E5AF3671E5DC95300999E1D /* CircuitProgress.swift */ = {isa = PBXFileReference; fileEncoding = 4; lastKnownFileType = sourcecode.swift; path = CircuitProgress.swift; sourceTree = "<group>"; };
		7E5AF3691E5DC9C300999E1D /* TimeCell.swift */ = {isa = PBXFileReference; fileEncoding = 4; lastKnownFileType = sourcecode.swift; path = TimeCell.swift; sourceTree = "<group>"; };
		7EAD9B271E5D7356005B48A3 /* CircuitWatch.app */ = {isa = PBXFileReference; explicitFileType = wrapper.application; includeInIndex = 0; path = CircuitWatch.app; sourceTree = BUILT_PRODUCTS_DIR; };
		7EAD9B2A1E5D7356005B48A3 /* AppDelegate.swift */ = {isa = PBXFileReference; lastKnownFileType = sourcecode.swift; path = AppDelegate.swift; sourceTree = "<group>"; };
		7EAD9B2C1E5D7356005B48A3 /* CircuitVC.swift */ = {isa = PBXFileReference; lastKnownFileType = sourcecode.swift; path = CircuitVC.swift; sourceTree = "<group>"; };
		7EAD9B2F1E5D7356005B48A3 /* Base */ = {isa = PBXFileReference; lastKnownFileType = file.storyboard; name = Base; path = Base.lproj/Main.storyboard; sourceTree = "<group>"; };
		7EAD9B311E5D7356005B48A3 /* Assets.xcassets */ = {isa = PBXFileReference; lastKnownFileType = folder.assetcatalog; path = Assets.xcassets; sourceTree = "<group>"; };
		7EAD9B341E5D7356005B48A3 /* Base */ = {isa = PBXFileReference; lastKnownFileType = file.storyboard; name = Base; path = Base.lproj/LaunchScreen.storyboard; sourceTree = "<group>"; };
		7EAD9B361E5D7356005B48A3 /* Info.plist */ = {isa = PBXFileReference; lastKnownFileType = text.plist.xml; path = Info.plist; sourceTree = "<group>"; };
		7EAD9B3B1E5D7356005B48A3 /* CircuitWatchTests.xctest */ = {isa = PBXFileReference; explicitFileType = wrapper.cfbundle; includeInIndex = 0; path = CircuitWatchTests.xctest; sourceTree = BUILT_PRODUCTS_DIR; };
		7EAD9B3F1E5D7356005B48A3 /* CircuitWatchTests.swift */ = {isa = PBXFileReference; lastKnownFileType = sourcecode.swift; path = CircuitWatchTests.swift; sourceTree = "<group>"; };
		7EAD9B411E5D7356005B48A3 /* Info.plist */ = {isa = PBXFileReference; lastKnownFileType = text.plist.xml; path = Info.plist; sourceTree = "<group>"; };
		7EB4CAE51E6022A200B7A78A /* FormCell.swift */ = {isa = PBXFileReference; fileEncoding = 4; lastKnownFileType = sourcecode.swift; path = FormCell.swift; sourceTree = "<group>"; };
/* End PBXFileReference section */

/* Begin PBXFrameworksBuildPhase section */
		7EAD9B241E5D7356005B48A3 /* Frameworks */ = {
			isa = PBXFrameworksBuildPhase;
			buildActionMask = 2147483647;
			files = (
			);
			runOnlyForDeploymentPostprocessing = 0;
		};
		7EAD9B381E5D7356005B48A3 /* Frameworks */ = {
			isa = PBXFrameworksBuildPhase;
			buildActionMask = 2147483647;
			files = (
			);
			runOnlyForDeploymentPostprocessing = 0;
		};
/* End PBXFrameworksBuildPhase section */

/* Begin PBXGroup section */
		7E5AF35C1E5DA48800999E1D /* Controller */ = {
			isa = PBXGroup;
			children = (
				7EAD9B2C1E5D7356005B48A3 /* CircuitVC.swift */,
				7E2FEF581E5ECFA900EED5D0 /* MainVC.swift */,
				7E0561541E633118002C4096 /* AddCircuitVC.swift */,
			);
			name = Controller;
			sourceTree = "<group>";
		};
		7E5AF36B1E5DC9C900999E1D /* Model */ = {
			isa = PBXGroup;
			children = (
				7E5AF3691E5DC9C300999E1D /* TimeCell.swift */,
				7E2FEF5A1E5ED1E900EED5D0 /* CircuitCell.swift */,
			);
			name = Model;
			sourceTree = "<group>";
		};
		7EAD9B1E1E5D7356005B48A3 = {
			isa = PBXGroup;
			children = (
				7EAD9B291E5D7356005B48A3 /* CircuitWatch */,
				7EAD9B3E1E5D7356005B48A3 /* CircuitWatchTests */,
				7EAD9B281E5D7356005B48A3 /* Products */,
			);
			sourceTree = "<group>";
		};
		7EAD9B281E5D7356005B48A3 /* Products */ = {
			isa = PBXGroup;
			children = (
				7EAD9B271E5D7356005B48A3 /* CircuitWatch.app */,
				7EAD9B3B1E5D7356005B48A3 /* CircuitWatchTests.xctest */,
			);
			name = Products;
			sourceTree = "<group>";
		};
		7EAD9B291E5D7356005B48A3 /* CircuitWatch */ = {
			isa = PBXGroup;
			children = (
				7E5AF36B1E5DC9C900999E1D /* Model */,
				7EAD9B4A1E5D80EF005B48A3 /* View */,
				7E5AF35C1E5DA48800999E1D /* Controller */,
				7EAD9B2E1E5D7356005B48A3 /* Main.storyboard */,
				7EB4CAE71E6059D900B7A78A /* Supporting Files */,
			);
			path = CircuitWatch;
			sourceTree = "<group>";
		};
		7EAD9B3E1E5D7356005B48A3 /* CircuitWatchTests */ = {
			isa = PBXGroup;
			children = (
				7EAD9B3F1E5D7356005B48A3 /* CircuitWatchTests.swift */,
				7EAD9B411E5D7356005B48A3 /* Info.plist */,
			);
			path = CircuitWatchTests;
			sourceTree = "<group>";
		};
		7EAD9B4A1E5D80EF005B48A3 /* View */ = {
			isa = PBXGroup;
			children = (
				7E5AF3671E5DC95300999E1D /* CircuitProgress.swift */,
				7E5AF35F1E5DA51400999E1D /* ProgressBar.swift */,
				7E5AF3631E5DB63700999E1D /* CircuitBtn.swift */,
				7EB4CAE51E6022A200B7A78A /* FormCell.swift */,
			);
			name = View;
			sourceTree = "<group>";
		};
		7EB4CAE71E6059D900B7A78A /* Supporting Files */ = {
			isa = PBXGroup;
			children = (
				7EAD9B311E5D7356005B48A3 /* Assets.xcassets */,
				7EAD9B2A1E5D7356005B48A3 /* AppDelegate.swift */,
				7EAD9B331E5D7356005B48A3 /* LaunchScreen.storyboard */,
				7EAD9B361E5D7356005B48A3 /* Info.plist */,
			);
			name = "Supporting Files";
			sourceTree = "<group>";
		};
/* End PBXGroup section */

/* Begin PBXNativeTarget section */
		7EAD9B261E5D7356005B48A3 /* CircuitWatch */ = {
			isa = PBXNativeTarget;
			buildConfigurationList = 7EAD9B441E5D7356005B48A3 /* Build configuration list for PBXNativeTarget "CircuitWatch" */;
			buildPhases = (
				7EAD9B231E5D7356005B48A3 /* Sources */,
				7EAD9B241E5D7356005B48A3 /* Frameworks */,
				7EAD9B251E5D7356005B48A3 /* Resources */,
			);
			buildRules = (
			);
			dependencies = (
			);
			name = CircuitWatch;
			productName = CircuitWatch;
			productReference = 7EAD9B271E5D7356005B48A3 /* CircuitWatch.app */;
			productType = "com.apple.product-type.application";
		};
		7EAD9B3A1E5D7356005B48A3 /* CircuitWatchTests */ = {
			isa = PBXNativeTarget;
			buildConfigurationList = 7EAD9B471E5D7356005B48A3 /* Build configuration list for PBXNativeTarget "CircuitWatchTests" */;
			buildPhases = (
				7EAD9B371E5D7356005B48A3 /* Sources */,
				7EAD9B381E5D7356005B48A3 /* Frameworks */,
				7EAD9B391E5D7356005B48A3 /* Resources */,
			);
			buildRules = (
			);
			dependencies = (
				7EAD9B3D1E5D7356005B48A3 /* PBXTargetDependency */,
			);
			name = CircuitWatchTests;
			productName = CircuitWatchTests;
			productReference = 7EAD9B3B1E5D7356005B48A3 /* CircuitWatchTests.xctest */;
			productType = "com.apple.product-type.bundle.unit-test";
		};
/* End PBXNativeTarget section */

/* Begin PBXProject section */
		7EAD9B1F1E5D7356005B48A3 /* Project object */ = {
			isa = PBXProject;
			attributes = {
				LastSwiftUpdateCheck = 0810;
				LastUpgradeCheck = 0810;
				ORGANIZATIONNAME = "홍창남";
				TargetAttributes = {
					7EAD9B261E5D7356005B48A3 = {
						CreatedOnToolsVersion = 8.1;
						DevelopmentTeam = W6XUQ3PPN9;
						ProvisioningStyle = Automatic;
					};
					7EAD9B3A1E5D7356005B48A3 = {
						CreatedOnToolsVersion = 8.1;
						DevelopmentTeam = W6XUQ3PPN9;
						ProvisioningStyle = Automatic;
						TestTargetID = 7EAD9B261E5D7356005B48A3;
					};
				};
			};
			buildConfigurationList = 7EAD9B221E5D7356005B48A3 /* Build configuration list for PBXProject "CircuitWatch" */;
			compatibilityVersion = "Xcode 3.2";
			developmentRegion = English;
			hasScannedForEncodings = 0;
			knownRegions = (
				en,
				Base,
			);
			mainGroup = 7EAD9B1E1E5D7356005B48A3;
			productRefGroup = 7EAD9B281E5D7356005B48A3 /* Products */;
			projectDirPath = "";
			projectRoot = "";
			targets = (
				7EAD9B261E5D7356005B48A3 /* CircuitWatch */,
				7EAD9B3A1E5D7356005B48A3 /* CircuitWatchTests */,
			);
		};
/* End PBXProject section */

/* Begin PBXResourcesBuildPhase section */
		7EAD9B251E5D7356005B48A3 /* Resources */ = {
			isa = PBXResourcesBuildPhase;
			buildActionMask = 2147483647;
			files = (
				7EAD9B351E5D7356005B48A3 /* LaunchScreen.storyboard in Resources */,
				7EAD9B321E5D7356005B48A3 /* Assets.xcassets in Resources */,
				7EAD9B301E5D7356005B48A3 /* Main.storyboard in Resources */,
			);
			runOnlyForDeploymentPostprocessing = 0;
		};
		7EAD9B391E5D7356005B48A3 /* Resources */ = {
			isa = PBXResourcesBuildPhase;
			buildActionMask = 2147483647;
			files = (
			);
			runOnlyForDeploymentPostprocessing = 0;
		};
/* End PBXResourcesBuildPhase section */

/* Begin PBXSourcesBuildPhase section */
		7EAD9B231E5D7356005B48A3 /* Sources */ = {
			isa = PBXSourcesBuildPhase;
			buildActionMask = 2147483647;
			files = (
				7E5AF36A1E5DC9C300999E1D /* TimeCell.swift in Sources */,
				7EAD9B2D1E5D7356005B48A3 /* CircuitVC.swift in Sources */,
				7EB4CAE61E6022A200B7A78A /* FormCell.swift in Sources */,
				7E5AF3641E5DB63700999E1D /* CircuitBtn.swift in Sources */,
				7E0561551E633118002C4096 /* AddCircuitVC.swift in Sources */,
				7E5AF3601E5DA51400999E1D /* ProgressBar.swift in Sources */,
				7E5AF3681E5DC95300999E1D /* CircuitProgress.swift in Sources */,
				7EAD9B2B1E5D7356005B48A3 /* AppDelegate.swift in Sources */,
				7E2FEF591E5ECFAA00EED5D0 /* MainVC.swift in Sources */,
				7E2FEF5B1E5ED1E900EED5D0 /* CircuitCell.swift in Sources */,
			);
			runOnlyForDeploymentPostprocessing = 0;
		};
		7EAD9B371E5D7356005B48A3 /* Sources */ = {
			isa = PBXSourcesBuildPhase;
			buildActionMask = 2147483647;
			files = (
				7EAD9B401E5D7356005B48A3 /* CircuitWatchTests.swift in Sources */,
			);
			runOnlyForDeploymentPostprocessing = 0;
		};
/* End PBXSourcesBuildPhase section */

/* Begin PBXTargetDependency section */
		7EAD9B3D1E5D7356005B48A3 /* PBXTargetDependency */ = {
			isa = PBXTargetDependency;
			target = 7EAD9B261E5D7356005B48A3 /* CircuitWatch */;
			targetProxy = 7EAD9B3C1E5D7356005B48A3 /* PBXContainerItemProxy */;
		};
/* End PBXTargetDependency section */

/* Begin PBXVariantGroup section */
		7EAD9B2E1E5D7356005B48A3 /* Main.storyboard */ = {
			isa = PBXVariantGroup;
			children = (
				7EAD9B2F1E5D7356005B48A3 /* Base */,
			);
			name = Main.storyboard;
			sourceTree = "<group>";
		};
		7EAD9B331E5D7356005B48A3 /* LaunchScreen.storyboard */ = {
			isa = PBXVariantGroup;
			children = (
				7EAD9B341E5D7356005B48A3 /* Base */,
			);
			name = LaunchScreen.storyboard;
			sourceTree = "<group>";
		};
/* End PBXVariantGroup section */

/* Begin XCBuildConfiguration section */
		7EAD9B421E5D7356005B48A3 /* Debug */ = {
			isa = XCBuildConfiguration;
			buildSettings = {
				ALWAYS_SEARCH_USER_PATHS = NO;
				CLANG_ANALYZER_NONNULL = YES;
				CLANG_CXX_LANGUAGE_STANDARD = "gnu++0x";
				CLANG_CXX_LIBRARY = "libc++";
				CLANG_ENABLE_MODULES = YES;
				CLANG_ENABLE_OBJC_ARC = YES;
				CLANG_WARN_BOOL_CONVERSION = YES;
				CLANG_WARN_CONSTANT_CONVERSION = YES;
				CLANG_WARN_DIRECT_OBJC_ISA_USAGE = YES_ERROR;
				CLANG_WARN_DOCUMENTATION_COMMENTS = YES;
				CLANG_WARN_EMPTY_BODY = YES;
				CLANG_WARN_ENUM_CONVERSION = YES;
				CLANG_WARN_INFINITE_RECURSION = YES;
				CLANG_WARN_INT_CONVERSION = YES;
				CLANG_WARN_OBJC_ROOT_CLASS = YES_ERROR;
				CLANG_WARN_SUSPICIOUS_MOVES = YES;
				CLANG_WARN_UNREACHABLE_CODE = YES;
				CLANG_WARN__DUPLICATE_METHOD_MATCH = YES;
				"CODE_SIGN_IDENTITY[sdk=iphoneos*]" = "iPhone Developer";
				COPY_PHASE_STRIP = NO;
				DEBUG_INFORMATION_FORMAT = dwarf;
				ENABLE_STRICT_OBJC_MSGSEND = YES;
				ENABLE_TESTABILITY = YES;
				GCC_C_LANGUAGE_STANDARD = gnu99;
				GCC_DYNAMIC_NO_PIC = NO;
				GCC_NO_COMMON_BLOCKS = YES;
				GCC_OPTIMIZATION_LEVEL = 0;
				GCC_PREPROCESSOR_DEFINITIONS = (
					"DEBUG=1",
					"$(inherited)",
				);
				GCC_WARN_64_TO_32_BIT_CONVERSION = YES;
				GCC_WARN_ABOUT_RETURN_TYPE = YES_ERROR;
				GCC_WARN_UNDECLARED_SELECTOR = YES;
				GCC_WARN_UNINITIALIZED_AUTOS = YES_AGGRESSIVE;
				GCC_WARN_UNUSED_FUNCTION = YES;
				GCC_WARN_UNUSED_VARIABLE = YES;
				IPHONEOS_DEPLOYMENT_TARGET = 10.1;
				MTL_ENABLE_DEBUG_INFO = YES;
				ONLY_ACTIVE_ARCH = YES;
				SDKROOT = iphoneos;
				SWIFT_ACTIVE_COMPILATION_CONDITIONS = DEBUG;
				SWIFT_OPTIMIZATION_LEVEL = "-Onone";
				TARGETED_DEVICE_FAMILY = "1,2";
			};
			name = Debug;
		};
		7EAD9B431E5D7356005B48A3 /* Release */ = {
			isa = XCBuildConfiguration;
			buildSettings = {
				ALWAYS_SEARCH_USER_PATHS = NO;
				CLANG_ANALYZER_NONNULL = YES;
				CLANG_CXX_LANGUAGE_STANDARD = "gnu++0x";
				CLANG_CXX_LIBRARY = "libc++";
				CLANG_ENABLE_MODULES = YES;
				CLANG_ENABLE_OBJC_ARC = YES;
				CLANG_WARN_BOOL_CONVERSION = YES;
				CLANG_WARN_CONSTANT_CONVERSION = YES;
				CLANG_WARN_DIRECT_OBJC_ISA_USAGE = YES_ERROR;
				CLANG_WARN_DOCUMENTATION_COMMENTS = YES;
				CLANG_WARN_EMPTY_BODY = YES;
				CLANG_WARN_ENUM_CONVERSION = YES;
				CLANG_WARN_INFINITE_RECURSION = YES;
				CLANG_WARN_INT_CONVERSION = YES;
				CLANG_WARN_OBJC_ROOT_CLASS = YES_ERROR;
				CLANG_WARN_SUSPICIOUS_MOVES = YES;
				CLANG_WARN_UNREACHABLE_CODE = YES;
				CLANG_WARN__DUPLICATE_METHOD_MATCH = YES;
				"CODE_SIGN_IDENTITY[sdk=iphoneos*]" = "iPhone Developer";
				COPY_PHASE_STRIP = NO;
				DEBUG_INFORMATION_FORMAT = "dwarf-with-dsym";
				ENABLE_NS_ASSERTIONS = NO;
				ENABLE_STRICT_OBJC_MSGSEND = YES;
				GCC_C_LANGUAGE_STANDARD = gnu99;
				GCC_NO_COMMON_BLOCKS = YES;
				GCC_WARN_64_TO_32_BIT_CONVERSION = YES;
				GCC_WARN_ABOUT_RETURN_TYPE = YES_ERROR;
				GCC_WARN_UNDECLARED_SELECTOR = YES;
				GCC_WARN_UNINITIALIZED_AUTOS = YES_AGGRESSIVE;
				GCC_WARN_UNUSED_FUNCTION = YES;
				GCC_WARN_UNUSED_VARIABLE = YES;
				IPHONEOS_DEPLOYMENT_TARGET = 10.1;
				MTL_ENABLE_DEBUG_INFO = NO;
				SDKROOT = iphoneos;
				SWIFT_OPTIMIZATION_LEVEL = "-Owholemodule";
				TARGETED_DEVICE_FAMILY = "1,2";
				VALIDATE_PRODUCT = YES;
			};
			name = Release;
		};
		7EAD9B451E5D7356005B48A3 /* Debug */ = {
			isa = XCBuildConfiguration;
			buildSettings = {
				ASSETCATALOG_COMPILER_APPICON_NAME = AppIcon;
				DEVELOPMENT_TEAM = W6XUQ3PPN9;
				INFOPLIST_FILE = CircuitWatch/Info.plist;
				LD_RUNPATH_SEARCH_PATHS = "$(inherited) @executable_path/Frameworks";
				PRODUCT_BUNDLE_IDENTIFIER = com.hcn1519.CircuitWatch;
				PRODUCT_NAME = "$(TARGET_NAME)";
				SWIFT_VERSION = 3.0;
			};
			name = Debug;
		};
		7EAD9B461E5D7356005B48A3 /* Release */ = {
			isa = XCBuildConfiguration;
			buildSettings = {
				ASSETCATALOG_COMPILER_APPICON_NAME = AppIcon;
				DEVELOPMENT_TEAM = W6XUQ3PPN9;
				INFOPLIST_FILE = CircuitWatch/Info.plist;
				LD_RUNPATH_SEARCH_PATHS = "$(inherited) @executable_path/Frameworks";
				PRODUCT_BUNDLE_IDENTIFIER = com.hcn1519.CircuitWatch;
				PRODUCT_NAME = "$(TARGET_NAME)";
				SWIFT_VERSION = 3.0;
			};
			name = Release;
		};
		7EAD9B481E5D7356005B48A3 /* Debug */ = {
			isa = XCBuildConfiguration;
			buildSettings = {
				ALWAYS_EMBED_SWIFT_STANDARD_LIBRARIES = YES;
				BUNDLE_LOADER = "$(TEST_HOST)";
				DEVELOPMENT_TEAM = W6XUQ3PPN9;
				INFOPLIST_FILE = CircuitWatchTests/Info.plist;
				LD_RUNPATH_SEARCH_PATHS = "$(inherited) @executable_path/Frameworks @loader_path/Frameworks";
				PRODUCT_BUNDLE_IDENTIFIER = com.hcn1519.CircuitWatchTests;
				PRODUCT_NAME = "$(TARGET_NAME)";
				SWIFT_VERSION = 3.0;
				TEST_HOST = "$(BUILT_PRODUCTS_DIR)/CircuitWatch.app/CircuitWatch";
			};
			name = Debug;
		};
		7EAD9B491E5D7356005B48A3 /* Release */ = {
			isa = XCBuildConfiguration;
			buildSettings = {
				ALWAYS_EMBED_SWIFT_STANDARD_LIBRARIES = YES;
				BUNDLE_LOADER = "$(TEST_HOST)";
				DEVELOPMENT_TEAM = W6XUQ3PPN9;
				INFOPLIST_FILE = CircuitWatchTests/Info.plist;
				LD_RUNPATH_SEARCH_PATHS = "$(inherited) @executable_path/Frameworks @loader_path/Frameworks";
				PRODUCT_BUNDLE_IDENTIFIER = com.hcn1519.CircuitWatchTests;
				PRODUCT_NAME = "$(TARGET_NAME)";
				SWIFT_VERSION = 3.0;
				TEST_HOST = "$(BUILT_PRODUCTS_DIR)/CircuitWatch.app/CircuitWatch";
			};
			name = Release;
		};
/* End XCBuildConfiguration section */

/* Begin XCConfigurationList section */
		7EAD9B221E5D7356005B48A3 /* Build configuration list for PBXProject "CircuitWatch" */ = {
			isa = XCConfigurationList;
			buildConfigurations = (
				7EAD9B421E5D7356005B48A3 /* Debug */,
				7EAD9B431E5D7356005B48A3 /* Release */,
			);
			defaultConfigurationIsVisible = 0;
			defaultConfigurationName = Release;
		};
		7EAD9B441E5D7356005B48A3 /* Build configuration list for PBXNativeTarget "CircuitWatch" */ = {
			isa = XCConfigurationList;
			buildConfigurations = (
				7EAD9B451E5D7356005B48A3 /* Debug */,
				7EAD9B461E5D7356005B48A3 /* Release */,
			);
			defaultConfigurationIsVisible = 0;
			defaultConfigurationName = Release;
		};
		7EAD9B471E5D7356005B48A3 /* Build configuration list for PBXNativeTarget "CircuitWatchTests" */ = {
			isa = XCConfigurationList;
			buildConfigurations = (
				7EAD9B481E5D7356005B48A3 /* Debug */,
				7EAD9B491E5D7356005B48A3 /* Release */,
			);
			defaultConfigurationIsVisible = 0;
			defaultConfigurationName = Release;
		};
/* End XCConfigurationList section */
	};
	rootObject = 7EAD9B1F1E5D7356005B48A3 /* Project object */;
}
