// !$*UTF8*$!
{
	archiveVersion = 1;
	classes = {
	};
	objectVersion = 46;
	objects = {

/* Begin PBXBuildFile section */
		7E0561551E633118002C4096 /* AddCircuitVC.swift in Sources */ = {isa = PBXBuildFile; fileRef = 7E0561541E633118002C4096 /* AddCircuitVC.swift */; };
		7E0D763A1E716DCA009BB8E2 /* ScreenExtension.swift in Sources */ = {isa = PBXBuildFile; fileRef = 7E0D76391E716DCA009BB8E2 /* ScreenExtension.swift */; };
		7E1DEBB31E6BDC5700BD627D /* pause.m4r in Resources */ = {isa = PBXBuildFile; fileRef = 7E1DEBB21E6BDC5700BD627D /* pause.m4r */; };
		7E1DEBB51E6BF9A500BD627D /* breakTime.m4r in Resources */ = {isa = PBXBuildFile; fileRef = 7E1DEBB41E6BF9A500BD627D /* breakTime.m4r */; };
		7E2CA9CC1E64439100CBF2DC /* InputCell.swift in Sources */ = {isa = PBXBuildFile; fileRef = 7E2CA9CB1E64439100CBF2DC /* InputCell.swift */; };
		7E2FEF591E5ECFAA00EED5D0 /* MainVC.swift in Sources */ = {isa = PBXBuildFile; fileRef = 7E2FEF581E5ECFA900EED5D0 /* MainVC.swift */; };
		7E2FEF5B1E5ED1E900EED5D0 /* CircuitCell.swift in Sources */ = {isa = PBXBuildFile; fileRef = 7E2FEF5A1E5ED1E900EED5D0 /* CircuitCell.swift */; };
		7E3518191E70010A001B0C92 /* RoundBtn.swift in Sources */ = {isa = PBXBuildFile; fileRef = 7E3518181E70010A001B0C92 /* RoundBtn.swift */; };
		7E4F2D7E1E63F18D00E27F26 /* WordCell.swift in Sources */ = {isa = PBXBuildFile; fileRef = 7E4F2D7D1E63F18D00E27F26 /* WordCell.swift */; };
		7E4F2D821E64178A00E27F26 /* FormTableHeader.swift in Sources */ = {isa = PBXBuildFile; fileRef = 7E4F2D811E64178A00E27F26 /* FormTableHeader.swift */; };
		7E4F2D841E64179500E27F26 /* FormTableFooter.swift in Sources */ = {isa = PBXBuildFile; fileRef = 7E4F2D831E64179500E27F26 /* FormTableFooter.swift */; };
		7E5AF3601E5DA51400999E1D /* ProgressBar.swift in Sources */ = {isa = PBXBuildFile; fileRef = 7E5AF35F1E5DA51400999E1D /* ProgressBar.swift */; };
		7E5AF3641E5DB63700999E1D /* CircuitBtn.swift in Sources */ = {isa = PBXBuildFile; fileRef = 7E5AF3631E5DB63700999E1D /* CircuitBtn.swift */; };
		7E5AF36A1E5DC9C300999E1D /* Time.swift in Sources */ = {isa = PBXBuildFile; fileRef = 7E5AF3691E5DC9C300999E1D /* Time.swift */; };
		7E7F23B31E7E872A0063F371 /* DataHelper.swift in Sources */ = {isa = PBXBuildFile; fileRef = 7E7F23B21E7E872A0063F371 /* DataHelper.swift */; };
		7EA6EA121E672CB400BA1E7F /* CircuitProgress.swift in Sources */ = {isa = PBXBuildFile; fileRef = 7EA6EA111E672CB400BA1E7F /* CircuitProgress.swift */; };
		7EAD9B2B1E5D7356005B48A3 /* AppDelegate.swift in Sources */ = {isa = PBXBuildFile; fileRef = 7EAD9B2A1E5D7356005B48A3 /* AppDelegate.swift */; };
		7EAD9B2D1E5D7356005B48A3 /* CircuitVC.swift in Sources */ = {isa = PBXBuildFile; fileRef = 7EAD9B2C1E5D7356005B48A3 /* CircuitVC.swift */; };
		7EAD9B301E5D7356005B48A3 /* Main.storyboard in Resources */ = {isa = PBXBuildFile; fileRef = 7EAD9B2E1E5D7356005B48A3 /* Main.storyboard */; };
		7EAD9B321E5D7356005B48A3 /* Assets.xcassets in Resources */ = {isa = PBXBuildFile; fileRef = 7EAD9B311E5D7356005B48A3 /* Assets.xcassets */; };
		7EAD9B351E5D7356005B48A3 /* LaunchScreen.storyboard in Resources */ = {isa = PBXBuildFile; fileRef = 7EAD9B331E5D7356005B48A3 /* LaunchScreen.storyboard */; };
		7EAD9B401E5D7356005B48A3 /* CircuitWatchTests.swift in Sources */ = {isa = PBXBuildFile; fileRef = 7EAD9B3F1E5D7356005B48A3 /* CircuitWatchTests.swift */; };
		7EB4CAE61E6022A200B7A78A /* FormCell.swift in Sources */ = {isa = PBXBuildFile; fileRef = 7EB4CAE51E6022A200B7A78A /* FormCell.swift */; };
		7ECD9C341E726A0A00949316 /* CircuitWatchUITests.swift in Sources */ = {isa = PBXBuildFile; fileRef = 7ECD9C331E726A0A00949316 /* CircuitWatchUITests.swift */; };
		7ECD9C421E726B3700949316 /* snapfile in Resources */ = {isa = PBXBuildFile; fileRef = 7ECD9C3F1E726B3700949316 /* snapfile */; };
		7ECD9C461E72700100949316 /* SnapshotHelper.swift in Sources */ = {isa = PBXBuildFile; fileRef = 7ECD9C451E72700100949316 /* SnapshotHelper.swift */; };
		7EDCBC261E79309E00C82829 /* StringExtenstion.swift in Sources */ = {isa = PBXBuildFile; fileRef = 7EDCBC251E79309E00C82829 /* StringExtenstion.swift */; };
		7EDCBC511E79404900C82829 /* Localizable.strings in Resources */ = {isa = PBXBuildFile; fileRef = 7EDCBC531E79404900C82829 /* Localizable.strings */; };
/* End PBXBuildFile section */

/* Begin PBXContainerItemProxy section */
		7EAD9B3C1E5D7356005B48A3 /* PBXContainerItemProxy */ = {
			isa = PBXContainerItemProxy;
			containerPortal = 7EAD9B1F1E5D7356005B48A3 /* Project object */;
			proxyType = 1;
			remoteGlobalIDString = 7EAD9B261E5D7356005B48A3;
			remoteInfo = CircuitWatch;
		};
		7ECD9C361E726A0A00949316 /* PBXContainerItemProxy */ = {
			isa = PBXContainerItemProxy;
			containerPortal = 7EAD9B1F1E5D7356005B48A3 /* Project object */;
			proxyType = 1;
			remoteGlobalIDString = 7EAD9B261E5D7356005B48A3;
			remoteInfo = CircuitWatch;
		};
/* End PBXContainerItemProxy section */

/* Begin PBXFileReference section */
		7E0561541E633118002C4096 /* AddCircuitVC.swift */ = {isa = PBXFileReference; fileEncoding = 4; lastKnownFileType = sourcecode.swift; path = AddCircuitVC.swift; sourceTree = "<group>"; };
		7E0D76391E716DCA009BB8E2 /* ScreenExtension.swift */ = {isa = PBXFileReference; fileEncoding = 4; lastKnownFileType = sourcecode.swift; path = ScreenExtension.swift; sourceTree = "<group>"; };
		7E1DEBB21E6BDC5700BD627D /* pause.m4r */ = {isa = PBXFileReference; lastKnownFileType = file; path = pause.m4r; sourceTree = "<group>"; };
		7E1DEBB41E6BF9A500BD627D /* breakTime.m4r */ = {isa = PBXFileReference; lastKnownFileType = file; path = breakTime.m4r; sourceTree = "<group>"; };
		7E2CA9CB1E64439100CBF2DC /* InputCell.swift */ = {isa = PBXFileReference; fileEncoding = 4; lastKnownFileType = sourcecode.swift; path = InputCell.swift; sourceTree = "<group>"; };
		7E2FEF581E5ECFA900EED5D0 /* MainVC.swift */ = {isa = PBXFileReference; fileEncoding = 4; lastKnownFileType = sourcecode.swift; path = MainVC.swift; sourceTree = "<group>"; };
		7E2FEF5A1E5ED1E900EED5D0 /* CircuitCell.swift */ = {isa = PBXFileReference; fileEncoding = 4; lastKnownFileType = sourcecode.swift; path = CircuitCell.swift; sourceTree = "<group>"; };
		7E3518181E70010A001B0C92 /* RoundBtn.swift */ = {isa = PBXFileReference; fileEncoding = 4; lastKnownFileType = sourcecode.swift; path = RoundBtn.swift; sourceTree = "<group>"; };
		7E4A89261E7A6A9A009B3036 /* en */ = {isa = PBXFileReference; lastKnownFileType = text.plist.strings; name = en; path = en.lproj/Main.strings; sourceTree = "<group>"; };
		7E4F2D7D1E63F18D00E27F26 /* WordCell.swift */ = {isa = PBXFileReference; fileEncoding = 4; lastKnownFileType = sourcecode.swift; path = WordCell.swift; sourceTree = "<group>"; };
		7E4F2D811E64178A00E27F26 /* FormTableHeader.swift */ = {isa = PBXFileReference; fileEncoding = 4; lastKnownFileType = sourcecode.swift; path = FormTableHeader.swift; sourceTree = "<group>"; };
		7E4F2D831E64179500E27F26 /* FormTableFooter.swift */ = {isa = PBXFileReference; fileEncoding = 4; lastKnownFileType = sourcecode.swift; path = FormTableFooter.swift; sourceTree = "<group>"; };
		7E5AF35F1E5DA51400999E1D /* ProgressBar.swift */ = {isa = PBXFileReference; fileEncoding = 4; lastKnownFileType = sourcecode.swift; path = ProgressBar.swift; sourceTree = "<group>"; };
		7E5AF3631E5DB63700999E1D /* CircuitBtn.swift */ = {isa = PBXFileReference; fileEncoding = 4; lastKnownFileType = sourcecode.swift; path = CircuitBtn.swift; sourceTree = "<group>"; };
		7E5AF3691E5DC9C300999E1D /* Time.swift */ = {isa = PBXFileReference; fileEncoding = 4; lastKnownFileType = sourcecode.swift; path = Time.swift; sourceTree = "<group>"; };
		7E7F23B21E7E872A0063F371 /* DataHelper.swift */ = {isa = PBXFileReference; fileEncoding = 4; lastKnownFileType = sourcecode.swift; path = DataHelper.swift; sourceTree = "<group>"; };
		7EA6EA111E672CB400BA1E7F /* CircuitProgress.swift */ = {isa = PBXFileReference; fileEncoding = 4; lastKnownFileType = sourcecode.swift; path = CircuitProgress.swift; sourceTree = "<group>"; };
		7EAD9B271E5D7356005B48A3 /* CircuitWatch.app */ = {isa = PBXFileReference; explicitFileType = wrapper.application; includeInIndex = 0; path = CircuitWatch.app; sourceTree = BUILT_PRODUCTS_DIR; };
		7EAD9B2A1E5D7356005B48A3 /* AppDelegate.swift */ = {isa = PBXFileReference; lastKnownFileType = sourcecode.swift; path = AppDelegate.swift; sourceTree = "<group>"; };
		7EAD9B2C1E5D7356005B48A3 /* CircuitVC.swift */ = {isa = PBXFileReference; lastKnownFileType = sourcecode.swift; path = CircuitVC.swift; sourceTree = "<group>"; };
		7EAD9B2F1E5D7356005B48A3 /* Base */ = {isa = PBXFileReference; lastKnownFileType = file.storyboard; name = Base; path = Base.lproj/Main.storyboard; sourceTree = "<group>"; };
		7EAD9B311E5D7356005B48A3 /* Assets.xcassets */ = {isa = PBXFileReference; lastKnownFileType = folder.assetcatalog; path = Assets.xcassets; sourceTree = "<group>"; };
		7EAD9B341E5D7356005B48A3 /* Base */ = {isa = PBXFileReference; lastKnownFileType = file.storyboard; name = Base; path = Base.lproj/LaunchScreen.storyboard; sourceTree = "<group>"; };
		7EAD9B361E5D7356005B48A3 /* Info.plist */ = {isa = PBXFileReference; lastKnownFileType = text.plist.xml; path = Info.plist; sourceTree = "<group>"; };
		7EAD9B3B1E5D7356005B48A3 /* CircuitWatchTests.xctest */ = {isa = PBXFileReference; explicitFileType = wrapper.cfbundle; includeInIndex = 0; path = CircuitWatchTests.xctest; sourceTree = BUILT_PRODUCTS_DIR; };
		7EAD9B3F1E5D7356005B48A3 /* CircuitWatchTests.swift */ = {isa = PBXFileReference; lastKnownFileType = sourcecode.swift; path = CircuitWatchTests.swift; sourceTree = "<group>"; };
		7EAD9B411E5D7356005B48A3 /* Info.plist */ = {isa = PBXFileReference; lastKnownFileType = text.plist.xml; path = Info.plist; sourceTree = "<group>"; };
		7EB4CAE51E6022A200B7A78A /* FormCell.swift */ = {isa = PBXFileReference; fileEncoding = 4; lastKnownFileType = sourcecode.swift; path = FormCell.swift; sourceTree = "<group>"; };
		7ECD9C311E726A0A00949316 /* CircuitWatchUITests.xctest */ = {isa = PBXFileReference; explicitFileType = wrapper.cfbundle; includeInIndex = 0; path = CircuitWatchUITests.xctest; sourceTree = BUILT_PRODUCTS_DIR; };
		7ECD9C331E726A0A00949316 /* CircuitWatchUITests.swift */ = {isa = PBXFileReference; lastKnownFileType = sourcecode.swift; path = CircuitWatchUITests.swift; sourceTree = "<group>"; };
		7ECD9C351E726A0A00949316 /* Info.plist */ = {isa = PBXFileReference; lastKnownFileType = text.plist.xml; path = Info.plist; sourceTree = "<group>"; };
		7ECD9C3F1E726B3700949316 /* snapfile */ = {isa = PBXFileReference; fileEncoding = 4; lastKnownFileType = text; path = snapfile; sourceTree = "<group>"; };
		7ECD9C451E72700100949316 /* SnapshotHelper.swift */ = {isa = PBXFileReference; fileEncoding = 4; lastKnownFileType = sourcecode.swift; path = SnapshotHelper.swift; sourceTree = "<group>"; };
		7EDCBC251E79309E00C82829 /* StringExtenstion.swift */ = {isa = PBXFileReference; fileEncoding = 4; lastKnownFileType = sourcecode.swift; path = StringExtenstion.swift; sourceTree = "<group>"; };
		7EDCBC3B1E79382800C82829 /* ko */ = {isa = PBXFileReference; lastKnownFileType = text.plist.strings; name = ko; path = ko.lproj/Main.strings; sourceTree = "<group>"; };
		7EDCBC521E79404900C82829 /* en */ = {isa = PBXFileReference; lastKnownFileType = text.plist.strings; name = en; path = en.lproj/Localizable.strings; sourceTree = "<group>"; };
		7EDCBC541E79404A00C82829 /* ko */ = {isa = PBXFileReference; lastKnownFileType = text.plist.strings; name = ko; path = ko.lproj/Localizable.strings; sourceTree = "<group>"; };
		7EDCBC551E7941F700C82829 /* Base */ = {isa = PBXFileReference; lastKnownFileType = text.plist.strings; name = Base; path = Base.lproj/Localizable.strings; sourceTree = "<group>"; };
/* End PBXFileReference section */

/* Begin PBXFrameworksBuildPhase section */
		7EAD9B241E5D7356005B48A3 /* Frameworks */ = {
			isa = PBXFrameworksBuildPhase;
			buildActionMask = 2147483647;
			files = (
			);
			runOnlyForDeploymentPostprocessing = 0;
		};
		7EAD9B381E5D7356005B48A3 /* Frameworks */ = {
			isa = PBXFrameworksBuildPhase;
			buildActionMask = 2147483647;
			files = (
			);
			runOnlyForDeploymentPostprocessing = 0;
		};
		7ECD9C2E1E726A0A00949316 /* Frameworks */ = {
			isa = PBXFrameworksBuildPhase;
			buildActionMask = 2147483647;
			files = (
			);
			runOnlyForDeploymentPostprocessing = 0;
		};
/* End PBXFrameworksBuildPhase section */

/* Begin PBXGroup section */
		7E5AF35C1E5DA48800999E1D /* Controller */ = {
			isa = PBXGroup;
			children = (
				7EAD9B2C1E5D7356005B48A3 /* CircuitVC.swift */,
				7E2FEF581E5ECFA900EED5D0 /* MainVC.swift */,
				7E0561541E633118002C4096 /* AddCircuitVC.swift */,
			);
			name = Controller;
			sourceTree = "<group>";
		};
		7E5AF36B1E5DC9C900999E1D /* Model */ = {
			isa = PBXGroup;
			children = (
				7E5AF3691E5DC9C300999E1D /* Time.swift */,
			);
			name = Model;
			sourceTree = "<group>";
		};
		7E7F23B11E7E87150063F371 /* Helper */ = {
			isa = PBXGroup;
			children = (
				7E7F23B21E7E872A0063F371 /* DataHelper.swift */,
			);
			name = Helper;
			sourceTree = "<group>";
		};
		7EAD9B1E1E5D7356005B48A3 = {
			isa = PBXGroup;
			children = (
				7EAD9B291E5D7356005B48A3 /* CircuitWatch */,
				7EAD9B3E1E5D7356005B48A3 /* CircuitWatchTests */,
				7ECD9C321E726A0A00949316 /* CircuitWatchUITests */,
				7EAD9B281E5D7356005B48A3 /* Products */,
			);
			sourceTree = "<group>";
		};
		7EAD9B281E5D7356005B48A3 /* Products */ = {
			isa = PBXGroup;
			children = (
				7EAD9B271E5D7356005B48A3 /* CircuitWatch.app */,
				7EAD9B3B1E5D7356005B48A3 /* CircuitWatchTests.xctest */,
				7ECD9C311E726A0A00949316 /* CircuitWatchUITests.xctest */,
			);
			name = Products;
			sourceTree = "<group>";
		};
		7EAD9B291E5D7356005B48A3 /* CircuitWatch */ = {
			isa = PBXGroup;
			children = (
				7E7F23B11E7E87150063F371 /* Helper */,
				7E5AF36B1E5DC9C900999E1D /* Model */,
				7EAD9B4A1E5D80EF005B48A3 /* View */,
				7E5AF35C1E5DA48800999E1D /* Controller */,
				7EAD9B2E1E5D7356005B48A3 /* Main.storyboard */,
				7EB4CAE71E6059D900B7A78A /* Supporting Files */,
			);
			path = CircuitWatch;
			sourceTree = "<group>";
		};
		7EAD9B3E1E5D7356005B48A3 /* CircuitWatchTests */ = {
			isa = PBXGroup;
			children = (
				7EAD9B3F1E5D7356005B48A3 /* CircuitWatchTests.swift */,
				7EAD9B411E5D7356005B48A3 /* Info.plist */,
			);
			path = CircuitWatchTests;
			sourceTree = "<group>";
		};
		7EAD9B4A1E5D80EF005B48A3 /* View */ = {
			isa = PBXGroup;
			children = (
				7EA6EA111E672CB400BA1E7F /* CircuitProgress.swift */,
				7E2FEF5A1E5ED1E900EED5D0 /* CircuitCell.swift */,
				7E5AF35F1E5DA51400999E1D /* ProgressBar.swift */,
				7E5AF3631E5DB63700999E1D /* CircuitBtn.swift */,
				7E3518181E70010A001B0C92 /* RoundBtn.swift */,
				7EB4CAE51E6022A200B7A78A /* FormCell.swift */,
				7E4F2D7D1E63F18D00E27F26 /* WordCell.swift */,
				7E2CA9CB1E64439100CBF2DC /* InputCell.swift */,
				7E4F2D811E64178A00E27F26 /* FormTableHeader.swift */,
				7E4F2D831E64179500E27F26 /* FormTableFooter.swift */,
				7E0D76391E716DCA009BB8E2 /* ScreenExtension.swift */,
			);
			name = View;
			sourceTree = "<group>";
		};
		7EB4CAE71E6059D900B7A78A /* Supporting Files */ = {
			isa = PBXGroup;
			children = (
				7E1DEBB41E6BF9A500BD627D /* breakTime.m4r */,
				7E1DEBB21E6BDC5700BD627D /* pause.m4r */,
				7EAD9B311E5D7356005B48A3 /* Assets.xcassets */,
				7EAD9B2A1E5D7356005B48A3 /* AppDelegate.swift */,
				7EAD9B331E5D7356005B48A3 /* LaunchScreen.storyboard */,
				7EAD9B361E5D7356005B48A3 /* Info.plist */,
				7EDCBC251E79309E00C82829 /* StringExtenstion.swift */,
				7EDCBC531E79404900C82829 /* Localizable.strings */,
			);
			name = "Supporting Files";
			sourceTree = "<group>";
		};
		7ECD9C321E726A0A00949316 /* CircuitWatchUITests */ = {
			isa = PBXGroup;
			children = (
				7ECD9C3F1E726B3700949316 /* snapfile */,
				7ECD9C451E72700100949316 /* SnapshotHelper.swift */,
				7ECD9C331E726A0A00949316 /* CircuitWatchUITests.swift */,
				7ECD9C351E726A0A00949316 /* Info.plist */,
			);
			path = CircuitWatchUITests;
			sourceTree = "<group>";
		};
/* End PBXGroup section */

/* Begin PBXNativeTarget section */
		7EAD9B261E5D7356005B48A3 /* CircuitWatch */ = {
			isa = PBXNativeTarget;
			buildConfigurationList = 7EAD9B441E5D7356005B48A3 /* Build configuration list for PBXNativeTarget "CircuitWatch" */;
			buildPhases = (
				7EAD9B231E5D7356005B48A3 /* Sources */,
				7EAD9B241E5D7356005B48A3 /* Frameworks */,
				7EAD9B251E5D7356005B48A3 /* Resources */,
			);
			buildRules = (
			);
			dependencies = (
			);
			name = CircuitWatch;
			productName = CircuitWatch;
			productReference = 7EAD9B271E5D7356005B48A3 /* CircuitWatch.app */;
			productType = "com.apple.product-type.application";
		};
		7EAD9B3A1E5D7356005B48A3 /* CircuitWatchTests */ = {
			isa = PBXNativeTarget;
			buildConfigurationList = 7EAD9B471E5D7356005B48A3 /* Build configuration list for PBXNativeTarget "CircuitWatchTests" */;
			buildPhases = (
				7EAD9B371E5D7356005B48A3 /* Sources */,
				7EAD9B381E5D7356005B48A3 /* Frameworks */,
				7EAD9B391E5D7356005B48A3 /* Resources */,
			);
			buildRules = (
			);
			dependencies = (
				7EAD9B3D1E5D7356005B48A3 /* PBXTargetDependency */,
			);
			name = CircuitWatchTests;
			productName = CircuitWatchTests;
			productReference = 7EAD9B3B1E5D7356005B48A3 /* CircuitWatchTests.xctest */;
			productType = "com.apple.product-type.bundle.unit-test";
		};
		7ECD9C301E726A0A00949316 /* CircuitWatchUITests */ = {
			isa = PBXNativeTarget;
			buildConfigurationList = 7ECD9C3A1E726A0A00949316 /* Build configuration list for PBXNativeTarget "CircuitWatchUITests" */;
			buildPhases = (
				7ECD9C2D1E726A0A00949316 /* Sources */,
				7ECD9C2E1E726A0A00949316 /* Frameworks */,
				7ECD9C2F1E726A0A00949316 /* Resources */,
			);
			buildRules = (
			);
			dependencies = (
				7ECD9C371E726A0A00949316 /* PBXTargetDependency */,
			);
			name = CircuitWatchUITests;
			productName = CircuitWatchUITests;
			productReference = 7ECD9C311E726A0A00949316 /* CircuitWatchUITests.xctest */;
			productType = "com.apple.product-type.bundle.ui-testing";
		};
/* End PBXNativeTarget section */

/* Begin PBXProject section */
		7EAD9B1F1E5D7356005B48A3 /* Project object */ = {
			isa = PBXProject;
			attributes = {
				LastSwiftUpdateCheck = 0810;
				LastUpgradeCheck = 0810;
				ORGANIZATIONNAME = "홍창남";
				TargetAttributes = {
					7EAD9B261E5D7356005B48A3 = {
						CreatedOnToolsVersion = 8.1;
						DevelopmentTeam = W6XUQ3PPN9;
						ProvisioningStyle = Automatic;
						SystemCapabilities = {
							com.apple.BackgroundModes = {
								enabled = 1;
							};
						};
					};
					7EAD9B3A1E5D7356005B48A3 = {
						CreatedOnToolsVersion = 8.1;
						DevelopmentTeam = W6XUQ3PPN9;
						ProvisioningStyle = Automatic;
						TestTargetID = 7EAD9B261E5D7356005B48A3;
					};
					7ECD9C301E726A0A00949316 = {
						CreatedOnToolsVersion = 8.1;
						DevelopmentTeam = W6XUQ3PPN9;
						ProvisioningStyle = Automatic;
						TestTargetID = 7EAD9B261E5D7356005B48A3;
					};
				};
			};
			buildConfigurationList = 7EAD9B221E5D7356005B48A3 /* Build configuration list for PBXProject "CircuitWatch" */;
			compatibilityVersion = "Xcode 3.2";
			developmentRegion = English;
			hasScannedForEncodings = 0;
			knownRegions = (
				en,
				Base,
				ko,
			);
			mainGroup = 7EAD9B1E1E5D7356005B48A3;
			productRefGroup = 7EAD9B281E5D7356005B48A3 /* Products */;
			projectDirPath = "";
			projectRoot = "";
			targets = (
				7EAD9B261E5D7356005B48A3 /* CircuitWatch */,
				7EAD9B3A1E5D7356005B48A3 /* CircuitWatchTests */,
				7ECD9C301E726A0A00949316 /* CircuitWatchUITests */,
			);
		};
/* End PBXProject section */

/* Begin PBXResourcesBuildPhase section */
		7EAD9B251E5D7356005B48A3 /* Resources */ = {
			isa = PBXResourcesBuildPhase;
			buildActionMask = 2147483647;
			files = (
				7E1DEBB31E6BDC5700BD627D /* pause.m4r in Resources */,
				7EDCBC511E79404900C82829 /* Localizable.strings in Resources */,
				7E1DEBB51E6BF9A500BD627D /* breakTime.m4r in Resources */,
				7EAD9B351E5D7356005B48A3 /* LaunchScreen.storyboard in Resources */,
				7EAD9B321E5D7356005B48A3 /* Assets.xcassets in Resources */,
				7EAD9B301E5D7356005B48A3 /* Main.storyboard in Resources */,
			);
			runOnlyForDeploymentPostprocessing = 0;
		};
		7EAD9B391E5D7356005B48A3 /* Resources */ = {
			isa = PBXResourcesBuildPhase;
			buildActionMask = 2147483647;
			files = (
			);
			runOnlyForDeploymentPostprocessing = 0;
		};
		7ECD9C2F1E726A0A00949316 /* Resources */ = {
			isa = PBXResourcesBuildPhase;
			buildActionMask = 2147483647;
			files = (
				7ECD9C421E726B3700949316 /* snapfile in Resources */,
			);
			runOnlyForDeploymentPostprocessing = 0;
		};
/* End PBXResourcesBuildPhase section */

/* Begin PBXSourcesBuildPhase section */
		7EAD9B231E5D7356005B48A3 /* Sources */ = {
			isa = PBXSourcesBuildPhase;
			buildActionMask = 2147483647;
			files = (
				7E5AF36A1E5DC9C300999E1D /* Time.swift in Sources */,
				7E2CA9CC1E64439100CBF2DC /* InputCell.swift in Sources */,
				7E4F2D7E1E63F18D00E27F26 /* WordCell.swift in Sources */,
				7EAD9B2D1E5D7356005B48A3 /* CircuitVC.swift in Sources */,
				7EB4CAE61E6022A200B7A78A /* FormCell.swift in Sources */,
				7E5AF3641E5DB63700999E1D /* CircuitBtn.swift in Sources */,
				7E3518191E70010A001B0C92 /* RoundBtn.swift in Sources */,
				7E4F2D841E64179500E27F26 /* FormTableFooter.swift in Sources */,
				7E0561551E633118002C4096 /* AddCircuitVC.swift in Sources */,
				7E7F23B31E7E872A0063F371 /* DataHelper.swift in Sources */,
				7E5AF3601E5DA51400999E1D /* ProgressBar.swift in Sources */,
				7EAD9B2B1E5D7356005B48A3 /* AppDelegate.swift in Sources */,
				7E4F2D821E64178A00E27F26 /* FormTableHeader.swift in Sources */,
				7E2FEF591E5ECFAA00EED5D0 /* MainVC.swift in Sources */,
				7E0D763A1E716DCA009BB8E2 /* ScreenExtension.swift in Sources */,
				7EDCBC261E79309E00C82829 /* StringExtenstion.swift in Sources */,
				7EA6EA121E672CB400BA1E7F /* CircuitProgress.swift in Sources */,
				7E2FEF5B1E5ED1E900EED5D0 /* CircuitCell.swift in Sources */,
			);
			runOnlyForDeploymentPostprocessing = 0;
		};
		7EAD9B371E5D7356005B48A3 /* Sources */ = {
			isa = PBXSourcesBuildPhase;
			buildActionMask = 2147483647;
			files = (
				7EAD9B401E5D7356005B48A3 /* CircuitWatchTests.swift in Sources */,
			);
			runOnlyForDeploymentPostprocessing = 0;
		};
		7ECD9C2D1E726A0A00949316 /* Sources */ = {
			isa = PBXSourcesBuildPhase;
			buildActionMask = 2147483647;
			files = (
				7ECD9C341E726A0A00949316 /* CircuitWatchUITests.swift in Sources */,
				7ECD9C461E72700100949316 /* SnapshotHelper.swift in Sources */,
			);
			runOnlyForDeploymentPostprocessing = 0;
		};
/* End PBXSourcesBuildPhase section */

/* Begin PBXTargetDependency section */
		7EAD9B3D1E5D7356005B48A3 /* PBXTargetDependency */ = {
			isa = PBXTargetDependency;
			target = 7EAD9B261E5D7356005B48A3 /* CircuitWatch */;
			targetProxy = 7EAD9B3C1E5D7356005B48A3 /* PBXContainerItemProxy */;
		};
		7ECD9C371E726A0A00949316 /* PBXTargetDependency */ = {
			isa = PBXTargetDependency;
			target = 7EAD9B261E5D7356005B48A3 /* CircuitWatch */;
			targetProxy = 7ECD9C361E726A0A00949316 /* PBXContainerItemProxy */;
		};
/* End PBXTargetDependency section */

/* Begin PBXVariantGroup section */
		7EAD9B2E1E5D7356005B48A3 /* Main.storyboard */ = {
			isa = PBXVariantGroup;
			children = (
				7EAD9B2F1E5D7356005B48A3 /* Base */,
				7EDCBC3B1E79382800C82829 /* ko */,
				7E4A89261E7A6A9A009B3036 /* en */,
			);
			name = Main.storyboard;
			sourceTree = "<group>";
		};
		7EAD9B331E5D7356005B48A3 /* LaunchScreen.storyboard */ = {
			isa = PBXVariantGroup;
			children = (
				7EAD9B341E5D7356005B48A3 /* Base */,
			);
			name = LaunchScreen.storyboard;
			sourceTree = "<group>";
		};
		7EDCBC531E79404900C82829 /* Localizable.strings */ = {
			isa = PBXVariantGroup;
			children = (
				7EDCBC521E79404900C82829 /* en */,
				7EDCBC541E79404A00C82829 /* ko */,
				7EDCBC551E7941F700C82829 /* Base */,
			);
			name = Localizable.strings;
			sourceTree = "<group>";
		};
/* End PBXVariantGroup section */

/* Begin XCBuildConfiguration section */
		7EAD9B421E5D7356005B48A3 /* Debug */ = {
			isa = XCBuildConfiguration;
			buildSettings = {
				ALWAYS_SEARCH_USER_PATHS = NO;
				CLANG_ANALYZER_LOCALIZABILITY_NONLOCALIZED = YES;
				CLANG_ANALYZER_NONNULL = YES;
				CLANG_CXX_LANGUAGE_STANDARD = "gnu++0x";
				CLANG_CXX_LIBRARY = "libc++";
				CLANG_ENABLE_MODULES = YES;
				CLANG_ENABLE_OBJC_ARC = YES;
				CLANG_WARN_BOOL_CONVERSION = YES;
				CLANG_WARN_CONSTANT_CONVERSION = YES;
				CLANG_WARN_DIRECT_OBJC_ISA_USAGE = YES_ERROR;
				CLANG_WARN_DOCUMENTATION_COMMENTS = YES;
				CLANG_WARN_EMPTY_BODY = YES;
				CLANG_WARN_ENUM_CONVERSION = YES;
				CLANG_WARN_INFINITE_RECURSION = YES;
				CLANG_WARN_INT_CONVERSION = YES;
				CLANG_WARN_OBJC_ROOT_CLASS = YES_ERROR;
				CLANG_WARN_SUSPICIOUS_MOVES = YES;
				CLANG_WARN_UNREACHABLE_CODE = YES;
				CLANG_WARN__DUPLICATE_METHOD_MATCH = YES;
				"CODE_SIGN_IDENTITY[sdk=iphoneos*]" = "iPhone Developer";
				COPY_PHASE_STRIP = NO;
				DEBUG_INFORMATION_FORMAT = dwarf;
				ENABLE_STRICT_OBJC_MSGSEND = YES;
				ENABLE_TESTABILITY = YES;
				GCC_C_LANGUAGE_STANDARD = gnu99;
				GCC_DYNAMIC_NO_PIC = NO;
				GCC_NO_COMMON_BLOCKS = YES;
				GCC_OPTIMIZATION_LEVEL = 0;
				GCC_PREPROCESSOR_DEFINITIONS = (
					"DEBUG=1",
					"$(inherited)",
				);
				GCC_WARN_64_TO_32_BIT_CONVERSION = YES;
				GCC_WARN_ABOUT_RETURN_TYPE = YES_ERROR;
				GCC_WARN_UNDECLARED_SELECTOR = YES;
				GCC_WARN_UNINITIALIZED_AUTOS = YES_AGGRESSIVE;
				GCC_WARN_UNUSED_FUNCTION = YES;
				GCC_WARN_UNUSED_VARIABLE = YES;
				IPHONEOS_DEPLOYMENT_TARGET = 10.1;
				MTL_ENABLE_DEBUG_INFO = YES;
				ONLY_ACTIVE_ARCH = YES;
				SDKROOT = iphoneos;
				SWIFT_ACTIVE_COMPILATION_CONDITIONS = DEBUG;
				SWIFT_OPTIMIZATION_LEVEL = "-Onone";
				TARGETED_DEVICE_FAMILY = "1,2";
			};
			name = Debug;
		};
		7EAD9B431E5D7356005B48A3 /* Release */ = {
			isa = XCBuildConfiguration;
			buildSettings = {
				ALWAYS_SEARCH_USER_PATHS = NO;
				CLANG_ANALYZER_LOCALIZABILITY_NONLOCALIZED = YES;
				CLANG_ANALYZER_NONNULL = YES;
				CLANG_CXX_LANGUAGE_STANDARD = "gnu++0x";
				CLANG_CXX_LIBRARY = "libc++";
				CLANG_ENABLE_MODULES = YES;
				CLANG_ENABLE_OBJC_ARC = YES;
				CLANG_WARN_BOOL_CONVERSION = YES;
				CLANG_WARN_CONSTANT_CONVERSION = YES;
				CLANG_WARN_DIRECT_OBJC_ISA_USAGE = YES_ERROR;
				CLANG_WARN_DOCUMENTATION_COMMENTS = YES;
				CLANG_WARN_EMPTY_BODY = YES;
				CLANG_WARN_ENUM_CONVERSION = YES;
				CLANG_WARN_INFINITE_RECURSION = YES;
				CLANG_WARN_INT_CONVERSION = YES;
				CLANG_WARN_OBJC_ROOT_CLASS = YES_ERROR;
				CLANG_WARN_SUSPICIOUS_MOVES = YES;
				CLANG_WARN_UNREACHABLE_CODE = YES;
				CLANG_WARN__DUPLICATE_METHOD_MATCH = YES;
				"CODE_SIGN_IDENTITY[sdk=iphoneos*]" = "iPhone Developer";
				COPY_PHASE_STRIP = NO;
				DEBUG_INFORMATION_FORMAT = "dwarf-with-dsym";
				ENABLE_NS_ASSERTIONS = NO;
				ENABLE_STRICT_OBJC_MSGSEND = YES;
				GCC_C_LANGUAGE_STANDARD = gnu99;
				GCC_NO_COMMON_BLOCKS = YES;
				GCC_WARN_64_TO_32_BIT_CONVERSION = YES;
				GCC_WARN_ABOUT_RETURN_TYPE = YES_ERROR;
				GCC_WARN_UNDECLARED_SELECTOR = YES;
				GCC_WARN_UNINITIALIZED_AUTOS = YES_AGGRESSIVE;
				GCC_WARN_UNUSED_FUNCTION = YES;
				GCC_WARN_UNUSED_VARIABLE = YES;
				IPHONEOS_DEPLOYMENT_TARGET = 10.1;
				MTL_ENABLE_DEBUG_INFO = NO;
				SDKROOT = iphoneos;
				SWIFT_OPTIMIZATION_LEVEL = "-Owholemodule";
				TARGETED_DEVICE_FAMILY = "1,2";
				VALIDATE_PRODUCT = YES;
			};
			name = Release;
		};
		7EAD9B451E5D7356005B48A3 /* Debug */ = {
			isa = XCBuildConfiguration;
			buildSettings = {
				ASSETCATALOG_COMPILER_APPICON_NAME = AppIcon;
				CODE_SIGN_IDENTITY = "";
				"CODE_SIGN_IDENTITY[sdk=iphoneos*]" = "iPhone Developer";
				DEVELOPMENT_TEAM = "";
				INFOPLIST_FILE = CircuitWatch/Info.plist;
				IPHONEOS_DEPLOYMENT_TARGET = 9.0;
				LD_RUNPATH_SEARCH_PATHS = "$(inherited) @executable_path/Frameworks";
				PRODUCT_BUNDLE_IDENTIFIER = com.hcn1519.CircuitWatch;
				PRODUCT_NAME = "$(TARGET_NAME)";
				PROVISIONING_PROFILE = "";
				PROVISIONING_PROFILE_SPECIFIER = "";
				SWIFT_VERSION = 3.0;
				TARGETED_DEVICE_FAMILY = "1,2";
			};
			name = Debug;
		};
		7EAD9B461E5D7356005B48A3 /* Release */ = {
			isa = XCBuildConfiguration;
			buildSettings = {
				ASSETCATALOG_COMPILER_APPICON_NAME = AppIcon;
				CODE_SIGN_IDENTITY = "iPhone Distribution";
				"CODE_SIGN_IDENTITY[sdk=iphoneos*]" = "iPhone Developer";
				DEVELOPMENT_TEAM = "";
				INFOPLIST_FILE = CircuitWatch/Info.plist;
				IPHONEOS_DEPLOYMENT_TARGET = 9.0;
				LD_RUNPATH_SEARCH_PATHS = "$(inherited) @executable_path/Frameworks";
				PRODUCT_BUNDLE_IDENTIFIER = com.hcn1519.CircuitWatch;
				PRODUCT_NAME = "$(TARGET_NAME)";
				PROVISIONING_PROFILE = "";
				PROVISIONING_PROFILE_SPECIFIER = "";
				SWIFT_VERSION = 3.0;
				TARGETED_DEVICE_FAMILY = "1,2";
			};
			name = Release;
		};
		7EAD9B481E5D7356005B48A3 /* Debug */ = {
			isa = XCBuildConfiguration;
			buildSettings = {
				ALWAYS_EMBED_SWIFT_STANDARD_LIBRARIES = YES;
				BUNDLE_LOADER = "$(TEST_HOST)";
				DEVELOPMENT_TEAM = W6XUQ3PPN9;
				INFOPLIST_FILE = CircuitWatchTests/Info.plist;
				LD_RUNPATH_SEARCH_PATHS = "$(inherited) @executable_path/Frameworks @loader_path/Frameworks";
				PRODUCT_BUNDLE_IDENTIFIER = com.hcn1519.CircuitWatchTests;
				PRODUCT_NAME = "$(TARGET_NAME)";
				SWIFT_VERSION = 3.0;
				TEST_HOST = "$(BUILT_PRODUCTS_DIR)/CircuitWatch.app/CircuitWatch";
			};
			name = Debug;
		};
		7EAD9B491E5D7356005B48A3 /* Release */ = {
			isa = XCBuildConfiguration;
			buildSettings = {
				ALWAYS_EMBED_SWIFT_STANDARD_LIBRARIES = YES;
				BUNDLE_LOADER = "$(TEST_HOST)";
				DEVELOPMENT_TEAM = W6XUQ3PPN9;
				INFOPLIST_FILE = CircuitWatchTests/Info.plist;
				LD_RUNPATH_SEARCH_PATHS = "$(inherited) @executable_path/Frameworks @loader_path/Frameworks";
				PRODUCT_BUNDLE_IDENTIFIER = com.hcn1519.CircuitWatchTests;
				PRODUCT_NAME = "$(TARGET_NAME)";
				SWIFT_VERSION = 3.0;
				TEST_HOST = "$(BUILT_PRODUCTS_DIR)/CircuitWatch.app/CircuitWatch";
			};
			name = Release;
		};
		7ECD9C381E726A0A00949316 /* Debug */ = {
			isa = XCBuildConfiguration;
			buildSettings = {
				DEVELOPMENT_TEAM = W6XUQ3PPN9;
				INFOPLIST_FILE = CircuitWatchUITests/Info.plist;
				LD_RUNPATH_SEARCH_PATHS = "$(inherited) @executable_path/Frameworks @loader_path/Frameworks";
				PRODUCT_BUNDLE_IDENTIFIER = com.hcn1519.CircuitWatchUITests;
				PRODUCT_NAME = "$(TARGET_NAME)";
				SWIFT_VERSION = 3.0;
				TEST_TARGET_NAME = CircuitWatch;
			};
			name = Debug;
		};
		7ECD9C391E726A0A00949316 /* Release */ = {
			isa = XCBuildConfiguration;
			buildSettings = {
				DEVELOPMENT_TEAM = W6XUQ3PPN9;
				INFOPLIST_FILE = CircuitWatchUITests/Info.plist;
				LD_RUNPATH_SEARCH_PATHS = "$(inherited) @executable_path/Frameworks @loader_path/Frameworks";
				PRODUCT_BUNDLE_IDENTIFIER = com.hcn1519.CircuitWatchUITests;
				PRODUCT_NAME = "$(TARGET_NAME)";
				SWIFT_VERSION = 3.0;
				TEST_TARGET_NAME = CircuitWatch;
			};
			name = Release;
		};
/* End XCBuildConfiguration section */

/* Begin XCConfigurationList section */
		7EAD9B221E5D7356005B48A3 /* Build configuration list for PBXProject "CircuitWatch" */ = {
			isa = XCConfigurationList;
			buildConfigurations = (
				7EAD9B421E5D7356005B48A3 /* Debug */,
				7EAD9B431E5D7356005B48A3 /* Release */,
			);
			defaultConfigurationIsVisible = 0;
			defaultConfigurationName = Release;
		};
		7EAD9B441E5D7356005B48A3 /* Build configuration list for PBXNativeTarget "CircuitWatch" */ = {
			isa = XCConfigurationList;
			buildConfigurations = (
				7EAD9B451E5D7356005B48A3 /* Debug */,
				7EAD9B461E5D7356005B48A3 /* Release */,
			);
			defaultConfigurationIsVisible = 0;
			defaultConfigurationName = Release;
		};
		7EAD9B471E5D7356005B48A3 /* Build configuration list for PBXNativeTarget "CircuitWatchTests" */ = {
			isa = XCConfigurationList;
			buildConfigurations = (
				7EAD9B481E5D7356005B48A3 /* Debug */,
				7EAD9B491E5D7356005B48A3 /* Release */,
			);
			defaultConfigurationIsVisible = 0;
			defaultConfigurationName = Release;
		};
		7ECD9C3A1E726A0A00949316 /* Build configuration list for PBXNativeTarget "CircuitWatchUITests" */ = {
			isa = XCConfigurationList;
			buildConfigurations = (
				7ECD9C381E726A0A00949316 /* Debug */,
				7ECD9C391E726A0A00949316 /* Release */,
			);
			defaultConfigurationIsVisible = 0;
			defaultConfigurationName = Release;
		};
/* End XCConfigurationList section */
	};
	rootObject = 7EAD9B1F1E5D7356005B48A3 /* Project object */;
}
